// !$*UTF8*$!
{
	archiveVersion = 1;
	classes = {
	};
	objectVersion = 46;
	objects = {

/* Begin PBXBuildFile section */
		0C15A9A316AF64ED00347892 /* aoki.png in Resources */ = {isa = PBXBuildFile; fileRef = 0C15A95816AF64AB00347892 /* aoki.png */; };
		0C15A9A416AF64ED00347892 /* murton.png in Resources */ = {isa = PBXBuildFile; fileRef = 0C15A95916AF64AB00347892 /* murton.png */; };
		0C15A9A616AF64ED00347892 /* fukuura.png in Resources */ = {isa = PBXBuildFile; fileRef = 0C15A95B16AF64AB00347892 /* fukuura.png */; };
		0C15A9A916AF64ED00347892 /* nakajima.png in Resources */ = {isa = PBXBuildFile; fileRef = 0C15A95E16AF64AC00347892 /* nakajima.png */; };
		0C15A9AA16AF64ED00347892 /* chono.png in Resources */ = {isa = PBXBuildFile; fileRef = 0C15A95F16AF64AC00347892 /* chono.png */; };
		0C15A9AB16AF64ED00347892 /* doubayashi.png in Resources */ = {isa = PBXBuildFile; fileRef = 0C15A96016AF64AC00347892 /* doubayashi.png */; };
		0C15A9AC16AF64ED00347892 /* feru.png in Resources */ = {isa = PBXBuildFile; fileRef = 0C15A96116AF64AC00347892 /* feru.png */; };
		0C15A9AD16AF64ED00347892 /* gotou.png in Resources */ = {isa = PBXBuildFile; fileRef = 0C15A96216AF64AD00347892 /* gotou.png */; };
		0C15A9AE16AF64ED00347892 /* hijirisawa.jpg in Resources */ = {isa = PBXBuildFile; fileRef = 0C15A96316AF64AD00347892 /* hijirisawa.jpg */; };
		0C15A9AF16AF64ED00347892 /* hirose.png in Resources */ = {isa = PBXBuildFile; fileRef = 0C15A96416AF64AD00347892 /* hirose.png */; };
		0C15A9B016AF64ED00347892 /* ideho.png in Resources */ = {isa = PBXBuildFile; fileRef = 0C15A96516AF64AD00347892 /* ideho.png */; };
		0C15A9B116AF64ED00347892 /* imae.png in Resources */ = {isa = PBXBuildFile; fileRef = 0C15A96616AF64AE00347892 /* imae.png */; };
		0C15A9B316AF64ED00347892 /* itoi.png in Resources */ = {isa = PBXBuildFile; fileRef = 0C15A96816AF64AE00347892 /* itoi.png */; };
		0C15A9B416AF64ED00347892 /* kakunaka.jpg in Resources */ = {isa = PBXBuildFile; fileRef = 0C15A96916AF64AF00347892 /* kakunaka.jpg */; };
		0C15A9B516AF64ED00347892 /* kanemoto.png in Resources */ = {isa = PBXBuildFile; fileRef = 0C15A96A16AF64AF00347892 /* kanemoto.png */; };
		0C15A9B616AF64ED00347892 /* kimu.png in Resources */ = {isa = PBXBuildFile; fileRef = 0C15A96B16AF64AF00347892 /* kimu.png */; };
		0C15A9B716AF64ED00347892 /* kinjo.png in Resources */ = {isa = PBXBuildFile; fileRef = 0C15A96C16AF64B000347892 /* kinjo.png */; };
		0C15A9B816AF64ED00347892 /* kitagawa.png in Resources */ = {isa = PBXBuildFile; fileRef = 0C15A96D16AF64B000347892 /* kitagawa.png */; };
		0C15A9B916AF64ED00347892 /* kokubo.jpg in Resources */ = {isa = PBXBuildFile; fileRef = 0C15A96E16AF64B100347892 /* kokubo.jpg */; };
		0C15A9BA16AF64ED00347892 /* kousien.png in Resources */ = {isa = PBXBuildFile; fileRef = 0C15A96F16AF64B200347892 /* kousien.png */; };
		0C15A9BC16AF64ED00347892 /* kuriyama.png in Resources */ = {isa = PBXBuildFile; fileRef = 0C15A97116AF64B300347892 /* kuriyama.png */; };
		0C15A9BD16AF64ED00347892 /* kyousera.png in Resources */ = {isa = PBXBuildFile; fileRef = 0C15A97216AF64B400347892 /* kyousera.png */; };
		0C15A9BF16AF64ED00347892 /* marine.png in Resources */ = {isa = PBXBuildFile; fileRef = 0C15A97416AF64B500347892 /* marine.png */; };
		0C15A9C016AF64ED00347892 /* matsuiKazuo.png in Resources */ = {isa = PBXBuildFile; fileRef = 0C15A97516AF64B900347892 /* matsuiKazuo.png */; };
		0C15A9C116AF64ED00347892 /* matsunaka.png in Resources */ = {isa = PBXBuildFile; fileRef = 0C15A97616AF64BB00347892 /* matsunaka.png */; };
		0C15A9C216AF64ED00347892 /* matuda.png in Resources */ = {isa = PBXBuildFile; fileRef = 0C15A97716AF64BC00347892 /* matuda.png */; };
		0C15A9C316AF64ED00347892 /* mirezzi.png in Resources */ = {isa = PBXBuildFile; fileRef = 0C15A97816AF64BC00347892 /* mirezzi.png */; };
		0C15A9C416AF64ED00347892 /* miyamoto.png in Resources */ = {isa = PBXBuildFile; fileRef = 0C15A97916AF64BD00347892 /* miyamoto.png */; };
		0C15A9C516AF64ED00347892 /* morino.png in Resources */ = {isa = PBXBuildFile; fileRef = 0C15A97A16AF64BE00347892 /* morino.png */; };
		0C15A9C616AF64ED00347892 /* nagoya.png in Resources */ = {isa = PBXBuildFile; fileRef = 0C15A97B16AF64BF00347892 /* nagoya.png */; };
		0C15A9C716AF64ED00347892 /* nakata.png in Resources */ = {isa = PBXBuildFile; fileRef = 0C15A97C16AF64C000347892 /* nakata.png */; };
		0C15A9C816AF64ED00347892 /* ogasawara.png in Resources */ = {isa = PBXBuildFile; fileRef = 0C15A97D16AF64C100347892 /* ogasawara.png */; };
		0C15A9C916AF64ED00347892 /* ooshima.png in Resources */ = {isa = PBXBuildFile; fileRef = 0C15A97E16AF64C200347892 /* ooshima.png */; };
		0C15A9CA16AF64ED00347892 /* otiz.png in Resources */ = {isa = PBXBuildFile; fileRef = 0C15A97F16AF64C300347892 /* otiz.png */; };
		0C15A9CB16AF64ED00347892 /* pena.png in Resources */ = {isa = PBXBuildFile; fileRef = 0C15A98016AF64C400347892 /* pena.png */; };
		0C15A9CC16AF64ED00347892 /* pena2.png in Resources */ = {isa = PBXBuildFile; fileRef = 0C15A98116AF64C500347892 /* pena2.png */; };
		0C15A9D016AF64ED00347892 /* rakuten.png in Resources */ = {isa = PBXBuildFile; fileRef = 0C15A98516AF64C800347892 /* rakuten.png */; };
		0C15A9D116AF64ED00347892 /* ramirez.png in Resources */ = {isa = PBXBuildFile; fileRef = 0C15A98616AF64C900347892 /* ramirez.png */; };
		0C15A9D216AF64ED00347892 /* saburo.png in Resources */ = {isa = PBXBuildFile; fileRef = 0C15A98716AF64CA00347892 /* saburo.png */; };
		0C15A9D316AF64ED00347892 /* sakaguchi.png in Resources */ = {isa = PBXBuildFile; fileRef = 0C15A98816AF64CB00347892 /* sakaguchi.png */; };
		0C15A9D416AF64ED00347892 /* sakamoto.png in Resources */ = {isa = PBXBuildFile; fileRef = 0C15A98916AF64CC00347892 /* sakamoto.png */; };
		0C15A9D516AF64ED00347892 /* sapporo.png in Resources */ = {isa = PBXBuildFile; fileRef = 0C15A98A16AF64CD00347892 /* sapporo.png */; };
		0C15A9D616AF64ED00347892 /* scorebord2.jpg in Resources */ = {isa = PBXBuildFile; fileRef = 0C15A98B16AF64CF00347892 /* scorebord2.jpg */; };
		0C15A9D716AF64ED00347892 /* seibu.png in Resources */ = {isa = PBXBuildFile; fileRef = 0C15A98C16AF64D000347892 /* seibu.png */; };
		0C15A9D916AF64ED00347892 /* tanakaken.png in Resources */ = {isa = PBXBuildFile; fileRef = 0C15A98E16AF64D200347892 /* tanakaken.png */; };
		0C15A9DA16AF64ED00347892 /* teppei.png in Resources */ = {isa = PBXBuildFile; fileRef = 0C15A98F16AF64D300347892 /* teppei.png */; };
		0C15A9DC16AF64ED00347892 /* tokyo.png in Resources */ = {isa = PBXBuildFile; fileRef = 0C15A99116AF64D600347892 /* tokyo.png */; };
		0C15A9DD16AF64ED00347892 /* toritani.png in Resources */ = {isa = PBXBuildFile; fileRef = 0C15A99216AF64D700347892 /* toritani.png */; };
		0C15A9E016AF64ED00347892 /* yahoo.jpg in Resources */ = {isa = PBXBuildFile; fileRef = 0C15A99516AF64DB00347892 /* yahoo.jpg */; };
		0C15A9E116AF64ED00347892 /* yahoo.png in Resources */ = {isa = PBXBuildFile; fileRef = 0C15A99616AF64DC00347892 /* yahoo.png */; };
		0C15A9E316AF64ED00347892 /* yokohama.png in Resources */ = {isa = PBXBuildFile; fileRef = 0C15A99816AF64DF00347892 /* yokohama.png */; };
		0C15A9E416AF64ED00347892 /* zinguu.png in Resources */ = {isa = PBXBuildFile; fileRef = 0C15A99916AF64E000347892 /* zinguu.png */; };
		0C15A9EC16AF64ED00347892 /* noRunner.png in Resources */ = {isa = PBXBuildFile; fileRef = 0C15A9A116AF64EB00347892 /* noRunner.png */; };
		0C15A9EE16AF6A1B00347892 /* penny.png in Resources */ = {isa = PBXBuildFile; fileRef = 0C15A9ED16AF6A1B00347892 /* penny.png */; };
		0C15A9F016AF6E9800347892 /* yamazaki.png in Resources */ = {isa = PBXBuildFile; fileRef = 0C15A9EF16AF6E9800347892 /* yamazaki.png */; };
		0C56F13016A00D0200C3E4A1 /* ランナー一塁三塁.jpg in Resources */ = {isa = PBXBuildFile; fileRef = 0C56F10916A00D0200C3E4A1 /* ランナー一塁三塁.jpg */; };
		0C6822DA169D4958000814AD /* UIKit.framework in Frameworks */ = {isa = PBXBuildFile; fileRef = 0C6822D9169D4958000814AD /* UIKit.framework */; };
		0C6822DC169D4958000814AD /* Foundation.framework in Frameworks */ = {isa = PBXBuildFile; fileRef = 0C6822DB169D4958000814AD /* Foundation.framework */; };
		0C6822DE169D4958000814AD /* CoreGraphics.framework in Frameworks */ = {isa = PBXBuildFile; fileRef = 0C6822DD169D4958000814AD /* CoreGraphics.framework */; };
		0C6822E4169D4958000814AD /* InfoPlist.strings in Resources */ = {isa = PBXBuildFile; fileRef = 0C6822E2169D4958000814AD /* InfoPlist.strings */; };
		0C6822E6169D4958000814AD /* main.m in Sources */ = {isa = PBXBuildFile; fileRef = 0C6822E5169D4958000814AD /* main.m */; };
		0C6822EA169D4958000814AD /* AppDelegate.m in Sources */ = {isa = PBXBuildFile; fileRef = 0C6822E9169D4958000814AD /* AppDelegate.m */; };
		0C6822EC169D4958000814AD /* Default.png in Resources */ = {isa = PBXBuildFile; fileRef = 0C6822EB169D4958000814AD /* Default.png */; };
		0C6822EE169D4958000814AD /* Default@2x.png in Resources */ = {isa = PBXBuildFile; fileRef = 0C6822ED169D4958000814AD /* Default@2x.png */; };
		0C6822F0169D4958000814AD /* Default-568h@2x.png in Resources */ = {isa = PBXBuildFile; fileRef = 0C6822EF169D4958000814AD /* Default-568h@2x.png */; };
		0C6822F3169D4958000814AD /* MainStoryboard.storyboard in Resources */ = {isa = PBXBuildFile; fileRef = 0C6822F1169D4958000814AD /* MainStoryboard.storyboard */; };
		0C6822F6169D4958000814AD /* ViewController.m in Sources */ = {isa = PBXBuildFile; fileRef = 0C6822F5169D4958000814AD /* ViewController.m */; };
		0C6822FE169D4958000814AD /* SenTestingKit.framework in Frameworks */ = {isa = PBXBuildFile; fileRef = 0C6822FD169D4958000814AD /* SenTestingKit.framework */; };
		0C6822FF169D4958000814AD /* UIKit.framework in Frameworks */ = {isa = PBXBuildFile; fileRef = 0C6822D9169D4958000814AD /* UIKit.framework */; };
		0C682300169D4958000814AD /* Foundation.framework in Frameworks */ = {isa = PBXBuildFile; fileRef = 0C6822DB169D4958000814AD /* Foundation.framework */; };
		0C682308169D4959000814AD /* InfoPlist.strings in Resources */ = {isa = PBXBuildFile; fileRef = 0C682306169D4959000814AD /* InfoPlist.strings */; };
		0C68230B169D4959000814AD /* yakyuuTests.m in Sources */ = {isa = PBXBuildFile; fileRef = 0C68230A169D4959000814AD /* yakyuuTests.m */; };
		0C9FEBDA16AF85070071C2AC /* gazou.png in Resources */ = {isa = PBXBuildFile; fileRef = 0C9FEBD916AF85070071C2AC /* gazou.png */; };
		AF3C5D1317AF91A8004A5C84 /* Team.m in Sources */ = {isa = PBXBuildFile; fileRef = AF3C5D1217AF91A8004A5C84 /* Team.m */; };
		AF3C5D1617AFA00B004A5C84 /* Stadium.m in Sources */ = {isa = PBXBuildFile; fileRef = AF3C5D1517AFA00B004A5C84 /* Stadium.m */; };
		AF50714517AF8F27000EA53A /* Player.m in Sources */ = {isa = PBXBuildFile; fileRef = AF50714417AF8F27000EA53A /* Player.m */; };
		F31F966F179E490B002C4564 /* tsutsugo.png in Resources */ = {isa = PBXBuildFile; fileRef = F31F966E179E490B002C4564 /* tsutsugo.png */; };
		F31F9671179E4A5B002C4564 /* balentien.png in Resources */ = {isa = PBXBuildFile; fileRef = F31F9670179E4A5B002C4564 /* balentien.png */; };
		F380EAB5179E4CED008AF6E4 /* abe.png in Resources */ = {isa = PBXBuildFile; fileRef = F380EAB4179E4CED008AF6E4 /* abe.png */; };
		F380EAB7179E4DC0008AF6E4 /* branco.png in Resources */ = {isa = PBXBuildFile; fileRef = F380EAB6179E4DC0008AF6E4 /* branco.png */; };
		F380EAB9179E4EA7008AF6E4 /* nakamuraTakeya.png in Resources */ = {isa = PBXBuildFile; fileRef = F380EAB8179E4EA7008AF6E4 /* nakamuraTakeya.png */; };
		F380EABD179E52B3008AF6E4 /* Tokada.png in Resources */ = {isa = PBXBuildFile; fileRef = F380EABC179E52B3008AF6E4 /* Tokada.png */; };
		F380EABF179E558B008AF6E4 /* kurihara.png in Resources */ = {isa = PBXBuildFile; fileRef = F380EABE179E558B008AF6E4 /* kurihara.png */; };
		F380EAC3179E562A008AF6E4 /* tamura.png in Resources */ = {isa = PBXBuildFile; fileRef = F380EAC2179E562A008AF6E4 /* tamura.png */; };
		F380EAC5179E58DE008AF6E4 /* matsuda.png in Resources */ = {isa = PBXBuildFile; fileRef = F380EAC4179E58DE008AF6E4 /* matsuda.png */; };
		F380EAC7179E5946008AF6E4 /* inaba.png in Resources */ = {isa = PBXBuildFile; fileRef = F380EAC6179E5946008AF6E4 /* inaba.png */; };
		F380EAC9179E5A1D008AF6E4 /* fujita.png in Resources */ = {isa = PBXBuildFile; fileRef = F380EAC8179E5A1D008AF6E4 /* fujita.png */; };
		F380EACB179E5AB8008AF6E4 /* brazell.png in Resources */ = {isa = PBXBuildFile; fileRef = F380EACA179E5AB8008AF6E4 /* brazell.png */; };
		F380EACD179E5CD5008AF6E4 /* uchikawa.png in Resources */ = {isa = PBXBuildFile; fileRef = F380EACC179E5CD5008AF6E4 /* uchikawa.png */; };
		F380EACF179E650A008AF6E4 /* wadaKazuhiro.png in Resources */ = {isa = PBXBuildFile; fileRef = F380EACE179E650A008AF6E4 /* wadaKazuhiro.png */; };
		F380EAD1179E659D008AF6E4 /* maedaTomonori.png in Resources */ = {isa = PBXBuildFile; fileRef = F380EAD0179E659D008AF6E4 /* maedaTomonori.png */; };
		F390F1EB179D5DF4001DB7DA /* runner.png in Resources */ = {isa = PBXBuildFile; fileRef = F390F1EA179D5DF4001DB7DA /* runner.png */; };
		F39B8F0A179D51AE0046B903 /* runnerFirst.png in Resources */ = {isa = PBXBuildFile; fileRef = F39B8F07179D51AE0046B903 /* runnerFirst.png */; };
		F39B8F0B179D51AE0046B903 /* runnerSecond.png in Resources */ = {isa = PBXBuildFile; fileRef = F39B8F08179D51AE0046B903 /* runnerSecond.png */; };
		F39B8F0C179D51AE0046B903 /* runnerThird.png in Resources */ = {isa = PBXBuildFile; fileRef = F39B8F09179D51AE0046B903 /* runnerThird.png */; };
/* End PBXBuildFile section */

/* Begin PBXContainerItemProxy section */
		0C682301169D4958000814AD /* PBXContainerItemProxy */ = {
			isa = PBXContainerItemProxy;
			containerPortal = 0C6822CC169D4958000814AD /* Project object */;
			proxyType = 1;
			remoteGlobalIDString = 0C6822D4169D4958000814AD;
			remoteInfo = yakyuu;
		};
/* End PBXContainerItemProxy section */

/* Begin PBXFileReference section */
		0C15A95816AF64AB00347892 /* aoki.png */ = {isa = PBXFileReference; lastKnownFileType = image.png; path = aoki.png; sourceTree = "<group>"; };
		0C15A95916AF64AB00347892 /* murton.png */ = {isa = PBXFileReference; lastKnownFileType = image.png; path = murton.png; sourceTree = "<group>"; };
		0C15A95B16AF64AB00347892 /* fukuura.png */ = {isa = PBXFileReference; lastKnownFileType = image.png; path = fukuura.png; sourceTree = "<group>"; };
		0C15A95E16AF64AC00347892 /* nakajima.png */ = {isa = PBXFileReference; lastKnownFileType = image.png; path = nakajima.png; sourceTree = "<group>"; };
		0C15A95F16AF64AC00347892 /* chono.png */ = {isa = PBXFileReference; lastKnownFileType = image.png; path = chono.png; sourceTree = "<group>"; };
		0C15A96016AF64AC00347892 /* doubayashi.png */ = {isa = PBXFileReference; lastKnownFileType = image.png; path = doubayashi.png; sourceTree = "<group>"; };
		0C15A96116AF64AC00347892 /* feru.png */ = {isa = PBXFileReference; lastKnownFileType = image.png; path = feru.png; sourceTree = "<group>"; };
		0C15A96216AF64AD00347892 /* gotou.png */ = {isa = PBXFileReference; lastKnownFileType = image.png; path = gotou.png; sourceTree = "<group>"; };
		0C15A96316AF64AD00347892 /* hijirisawa.jpg */ = {isa = PBXFileReference; lastKnownFileType = image.jpeg; path = hijirisawa.jpg; sourceTree = "<group>"; };
		0C15A96416AF64AD00347892 /* hirose.png */ = {isa = PBXFileReference; lastKnownFileType = image.png; path = hirose.png; sourceTree = "<group>"; };
		0C15A96516AF64AD00347892 /* ideho.png */ = {isa = PBXFileReference; lastKnownFileType = image.png; path = ideho.png; sourceTree = "<group>"; };
		0C15A96616AF64AE00347892 /* imae.png */ = {isa = PBXFileReference; lastKnownFileType = image.png; path = imae.png; sourceTree = "<group>"; };
		0C15A96816AF64AE00347892 /* itoi.png */ = {isa = PBXFileReference; lastKnownFileType = image.png; path = itoi.png; sourceTree = "<group>"; };
		0C15A96916AF64AF00347892 /* kakunaka.jpg */ = {isa = PBXFileReference; lastKnownFileType = image.jpeg; path = kakunaka.jpg; sourceTree = "<group>"; };
		0C15A96A16AF64AF00347892 /* kanemoto.png */ = {isa = PBXFileReference; lastKnownFileType = image.png; path = kanemoto.png; sourceTree = "<group>"; };
		0C15A96B16AF64AF00347892 /* kimu.png */ = {isa = PBXFileReference; lastKnownFileType = image.png; path = kimu.png; sourceTree = "<group>"; };
		0C15A96C16AF64B000347892 /* kinjo.png */ = {isa = PBXFileReference; lastKnownFileType = image.png; path = kinjo.png; sourceTree = "<group>"; };
		0C15A96D16AF64B000347892 /* kitagawa.png */ = {isa = PBXFileReference; lastKnownFileType = image.png; path = kitagawa.png; sourceTree = "<group>"; };
		0C15A96E16AF64B100347892 /* kokubo.jpg */ = {isa = PBXFileReference; lastKnownFileType = image.jpeg; path = kokubo.jpg; sourceTree = "<group>"; };
		0C15A96F16AF64B200347892 /* kousien.png */ = {isa = PBXFileReference; lastKnownFileType = image.png; path = kousien.png; sourceTree = "<group>"; };
		0C15A97116AF64B300347892 /* kuriyama.png */ = {isa = PBXFileReference; lastKnownFileType = image.png; path = kuriyama.png; sourceTree = "<group>"; };
		0C15A97216AF64B400347892 /* kyousera.png */ = {isa = PBXFileReference; lastKnownFileType = image.png; path = kyousera.png; sourceTree = "<group>"; };
		0C15A97416AF64B500347892 /* marine.png */ = {isa = PBXFileReference; lastKnownFileType = image.png; path = marine.png; sourceTree = "<group>"; };
		0C15A97516AF64B900347892 /* matsuiKazuo.png */ = {isa = PBXFileReference; lastKnownFileType = image.png; path = matsuiKazuo.png; sourceTree = "<group>"; };
		0C15A97616AF64BB00347892 /* matsunaka.png */ = {isa = PBXFileReference; lastKnownFileType = image.png; path = matsunaka.png; sourceTree = "<group>"; };
		0C15A97716AF64BC00347892 /* matuda.png */ = {isa = PBXFileReference; lastKnownFileType = image.png; path = matuda.png; sourceTree = "<group>"; };
		0C15A97816AF64BC00347892 /* mirezzi.png */ = {isa = PBXFileReference; lastKnownFileType = image.png; path = mirezzi.png; sourceTree = "<group>"; };
		0C15A97916AF64BD00347892 /* miyamoto.png */ = {isa = PBXFileReference; lastKnownFileType = image.png; path = miyamoto.png; sourceTree = "<group>"; };
		0C15A97A16AF64BE00347892 /* morino.png */ = {isa = PBXFileReference; lastKnownFileType = image.png; path = morino.png; sourceTree = "<group>"; };
		0C15A97B16AF64BF00347892 /* nagoya.png */ = {isa = PBXFileReference; lastKnownFileType = image.png; path = nagoya.png; sourceTree = "<group>"; };
		0C15A97C16AF64C000347892 /* nakata.png */ = {isa = PBXFileReference; lastKnownFileType = image.png; path = nakata.png; sourceTree = "<group>"; };
		0C15A97D16AF64C100347892 /* ogasawara.png */ = {isa = PBXFileReference; lastKnownFileType = image.png; path = ogasawara.png; sourceTree = "<group>"; };
		0C15A97E16AF64C200347892 /* ooshima.png */ = {isa = PBXFileReference; lastKnownFileType = image.png; path = ooshima.png; sourceTree = "<group>"; };
		0C15A97F16AF64C300347892 /* otiz.png */ = {isa = PBXFileReference; lastKnownFileType = image.png; path = otiz.png; sourceTree = "<group>"; };
		0C15A98016AF64C400347892 /* pena.png */ = {isa = PBXFileReference; lastKnownFileType = image.png; path = pena.png; sourceTree = "<group>"; };
		0C15A98116AF64C500347892 /* pena2.png */ = {isa = PBXFileReference; lastKnownFileType = image.png; path = pena2.png; sourceTree = "<group>"; };
		0C15A98516AF64C800347892 /* rakuten.png */ = {isa = PBXFileReference; lastKnownFileType = image.png; path = rakuten.png; sourceTree = "<group>"; };
		0C15A98616AF64C900347892 /* ramirez.png */ = {isa = PBXFileReference; lastKnownFileType = image.png; path = ramirez.png; sourceTree = "<group>"; };
		0C15A98716AF64CA00347892 /* saburo.png */ = {isa = PBXFileReference; lastKnownFileType = image.png; path = saburo.png; sourceTree = "<group>"; };
		0C15A98816AF64CB00347892 /* sakaguchi.png */ = {isa = PBXFileReference; lastKnownFileType = image.png; path = sakaguchi.png; sourceTree = "<group>"; };
		0C15A98916AF64CC00347892 /* sakamoto.png */ = {isa = PBXFileReference; lastKnownFileType = image.png; path = sakamoto.png; sourceTree = "<group>"; };
		0C15A98A16AF64CD00347892 /* sapporo.png */ = {isa = PBXFileReference; lastKnownFileType = image.png; path = sapporo.png; sourceTree = "<group>"; };
		0C15A98B16AF64CF00347892 /* scorebord2.jpg */ = {isa = PBXFileReference; lastKnownFileType = image.jpeg; path = scorebord2.jpg; sourceTree = "<group>"; };
		0C15A98C16AF64D000347892 /* seibu.png */ = {isa = PBXFileReference; lastKnownFileType = image.png; path = seibu.png; sourceTree = "<group>"; };
		0C15A98E16AF64D200347892 /* tanakaken.png */ = {isa = PBXFileReference; lastKnownFileType = image.png; path = tanakaken.png; sourceTree = "<group>"; };
		0C15A98F16AF64D300347892 /* teppei.png */ = {isa = PBXFileReference; lastKnownFileType = image.png; path = teppei.png; sourceTree = "<group>"; };
		0C15A99116AF64D600347892 /* tokyo.png */ = {isa = PBXFileReference; lastKnownFileType = image.png; path = tokyo.png; sourceTree = "<group>"; };
		0C15A99216AF64D700347892 /* toritani.png */ = {isa = PBXFileReference; lastKnownFileType = image.png; path = toritani.png; sourceTree = "<group>"; };
		0C15A99516AF64DB00347892 /* yahoo.jpg */ = {isa = PBXFileReference; lastKnownFileType = image.jpeg; path = yahoo.jpg; sourceTree = "<group>"; };
		0C15A99616AF64DC00347892 /* yahoo.png */ = {isa = PBXFileReference; lastKnownFileType = image.png; path = yahoo.png; sourceTree = "<group>"; };
		0C15A99816AF64DF00347892 /* yokohama.png */ = {isa = PBXFileReference; lastKnownFileType = image.png; path = yokohama.png; sourceTree = "<group>"; };
		0C15A99916AF64E000347892 /* zinguu.png */ = {isa = PBXFileReference; lastKnownFileType = image.png; path = zinguu.png; sourceTree = "<group>"; };
		0C15A9A116AF64EB00347892 /* noRunner.png */ = {isa = PBXFileReference; lastKnownFileType = image.png; path = noRunner.png; sourceTree = "<group>"; };
		0C15A9ED16AF6A1B00347892 /* penny.png */ = {isa = PBXFileReference; lastKnownFileType = image.png; path = penny.png; sourceTree = "<group>"; };
		0C15A9EF16AF6E9800347892 /* yamazaki.png */ = {isa = PBXFileReference; lastKnownFileType = image.png; path = yamazaki.png; sourceTree = "<group>"; };
		0C56F10916A00D0200C3E4A1 /* ランナー一塁三塁.jpg */ = {isa = PBXFileReference; lastKnownFileType = image.jpeg; name = "ランナー一塁三塁.jpg"; path = "../../../../Desktop/OOP のコピー/ランナー一塁三塁.jpg"; sourceTree = "<group>"; };
		0C6822D5169D4958000814AD /* yakyuu.app */ = {isa = PBXFileReference; explicitFileType = wrapper.application; includeInIndex = 0; path = yakyuu.app; sourceTree = BUILT_PRODUCTS_DIR; };
		0C6822D9169D4958000814AD /* UIKit.framework */ = {isa = PBXFileReference; lastKnownFileType = wrapper.framework; name = UIKit.framework; path = System/Library/Frameworks/UIKit.framework; sourceTree = SDKROOT; };
		0C6822DB169D4958000814AD /* Foundation.framework */ = {isa = PBXFileReference; lastKnownFileType = wrapper.framework; name = Foundation.framework; path = System/Library/Frameworks/Foundation.framework; sourceTree = SDKROOT; };
		0C6822DD169D4958000814AD /* CoreGraphics.framework */ = {isa = PBXFileReference; lastKnownFileType = wrapper.framework; name = CoreGraphics.framework; path = System/Library/Frameworks/CoreGraphics.framework; sourceTree = SDKROOT; };
		0C6822E3169D4958000814AD /* en */ = {isa = PBXFileReference; lastKnownFileType = text.plist.strings; name = en; path = en.lproj/InfoPlist.strings; sourceTree = "<group>"; };
		0C6822E5169D4958000814AD /* main.m */ = {isa = PBXFileReference; lastKnownFileType = sourcecode.c.objc; path = main.m; sourceTree = "<group>"; };
		0C6822E7169D4958000814AD /* yakyuu-Prefix.pch */ = {isa = PBXFileReference; lastKnownFileType = sourcecode.c.h; path = "yakyuu-Prefix.pch"; sourceTree = "<group>"; };
		0C6822E8169D4958000814AD /* AppDelegate.h */ = {isa = PBXFileReference; lastKnownFileType = sourcecode.c.h; path = AppDelegate.h; sourceTree = "<group>"; };
		0C6822E9169D4958000814AD /* AppDelegate.m */ = {isa = PBXFileReference; lastKnownFileType = sourcecode.c.objc; path = AppDelegate.m; sourceTree = "<group>"; };
		0C6822EB169D4958000814AD /* Default.png */ = {isa = PBXFileReference; lastKnownFileType = image.png; path = Default.png; sourceTree = "<group>"; };
		0C6822ED169D4958000814AD /* Default@2x.png */ = {isa = PBXFileReference; lastKnownFileType = image.png; path = "Default@2x.png"; sourceTree = "<group>"; };
		0C6822EF169D4958000814AD /* Default-568h@2x.png */ = {isa = PBXFileReference; lastKnownFileType = image.png; path = "Default-568h@2x.png"; sourceTree = "<group>"; };
		0C6822F2169D4958000814AD /* en */ = {isa = PBXFileReference; lastKnownFileType = file.storyboard; name = en; path = en.lproj/MainStoryboard.storyboard; sourceTree = "<group>"; };
		0C6822F4169D4958000814AD /* ViewController.h */ = {isa = PBXFileReference; lastKnownFileType = sourcecode.c.h; path = ViewController.h; sourceTree = "<group>"; };
		0C6822F5169D4958000814AD /* ViewController.m */ = {isa = PBXFileReference; lastKnownFileType = sourcecode.c.objc; path = ViewController.m; sourceTree = "<group>"; };
		0C6822FC169D4958000814AD /* yakyuuTests.octest */ = {isa = PBXFileReference; explicitFileType = wrapper.cfbundle; includeInIndex = 0; path = yakyuuTests.octest; sourceTree = BUILT_PRODUCTS_DIR; };
		0C6822FD169D4958000814AD /* SenTestingKit.framework */ = {isa = PBXFileReference; lastKnownFileType = wrapper.framework; name = SenTestingKit.framework; path = Library/Frameworks/SenTestingKit.framework; sourceTree = DEVELOPER_DIR; };
		0C682305169D4959000814AD /* yakyuuTests-Info.plist */ = {isa = PBXFileReference; lastKnownFileType = text.plist.xml; path = "yakyuuTests-Info.plist"; sourceTree = "<group>"; };
		0C682307169D4959000814AD /* en */ = {isa = PBXFileReference; lastKnownFileType = text.plist.strings; name = en; path = en.lproj/InfoPlist.strings; sourceTree = "<group>"; };
		0C682309169D4959000814AD /* yakyuuTests.h */ = {isa = PBXFileReference; lastKnownFileType = sourcecode.c.h; path = yakyuuTests.h; sourceTree = "<group>"; };
		0C68230A169D4959000814AD /* yakyuuTests.m */ = {isa = PBXFileReference; lastKnownFileType = sourcecode.c.objc; path = yakyuuTests.m; sourceTree = "<group>"; };
		0C9FEBD916AF85070071C2AC /* gazou.png */ = {isa = PBXFileReference; lastKnownFileType = image.png; path = gazou.png; sourceTree = "<group>"; };
		AF3C5D1117AF91A8004A5C84 /* Team.h */ = {isa = PBXFileReference; fileEncoding = 4; lastKnownFileType = sourcecode.c.h; path = Team.h; sourceTree = "<group>"; };
		AF3C5D1217AF91A8004A5C84 /* Team.m */ = {isa = PBXFileReference; fileEncoding = 4; lastKnownFileType = sourcecode.c.objc; path = Team.m; sourceTree = "<group>"; };
		AF3C5D1417AFA00B004A5C84 /* Stadium.h */ = {isa = PBXFileReference; fileEncoding = 4; lastKnownFileType = sourcecode.c.h; path = Stadium.h; sourceTree = "<group>"; };
		AF3C5D1517AFA00B004A5C84 /* Stadium.m */ = {isa = PBXFileReference; fileEncoding = 4; lastKnownFileType = sourcecode.c.objc; path = Stadium.m; sourceTree = "<group>"; };
		AF50714317AF8F27000EA53A /* Player.h */ = {isa = PBXFileReference; fileEncoding = 4; lastKnownFileType = sourcecode.c.h; path = Player.h; sourceTree = "<group>"; };
		AF50714417AF8F27000EA53A /* Player.m */ = {isa = PBXFileReference; fileEncoding = 4; lastKnownFileType = sourcecode.c.objc; path = Player.m; sourceTree = "<group>"; };
		F31F966E179E490B002C4564 /* tsutsugo.png */ = {isa = PBXFileReference; lastKnownFileType = image.png; path = tsutsugo.png; sourceTree = "<group>"; };
		F31F9670179E4A5B002C4564 /* balentien.png */ = {isa = PBXFileReference; lastKnownFileType = image.png; path = balentien.png; sourceTree = "<group>"; };
		F380EAB4179E4CED008AF6E4 /* abe.png */ = {isa = PBXFileReference; lastKnownFileType = image.png; path = abe.png; sourceTree = "<group>"; };
		F380EAB6179E4DC0008AF6E4 /* branco.png */ = {isa = PBXFileReference; lastKnownFileType = image.png; path = branco.png; sourceTree = "<group>"; };
		F380EAB8179E4EA7008AF6E4 /* nakamuraTakeya.png */ = {isa = PBXFileReference; lastKnownFileType = image.png; path = nakamuraTakeya.png; sourceTree = "<group>"; };
		F380EABC179E52B3008AF6E4 /* Tokada.png */ = {isa = PBXFileReference; lastKnownFileType = image.png; path = Tokada.png; sourceTree = "<group>"; };
		F380EABE179E558B008AF6E4 /* kurihara.png */ = {isa = PBXFileReference; lastKnownFileType = image.png; path = kurihara.png; sourceTree = "<group>"; };
		F380EAC2179E562A008AF6E4 /* tamura.png */ = {isa = PBXFileReference; lastKnownFileType = image.png; path = tamura.png; sourceTree = "<group>"; };
		F380EAC4179E58DE008AF6E4 /* matsuda.png */ = {isa = PBXFileReference; lastKnownFileType = image.png; path = matsuda.png; sourceTree = "<group>"; };
		F380EAC6179E5946008AF6E4 /* inaba.png */ = {isa = PBXFileReference; lastKnownFileType = image.png; path = inaba.png; sourceTree = "<group>"; };
		F380EAC8179E5A1D008AF6E4 /* fujita.png */ = {isa = PBXFileReference; lastKnownFileType = image.png; path = fujita.png; sourceTree = "<group>"; };
		F380EACA179E5AB8008AF6E4 /* brazell.png */ = {isa = PBXFileReference; lastKnownFileType = image.png; path = brazell.png; sourceTree = "<group>"; };
		F380EACC179E5CD5008AF6E4 /* uchikawa.png */ = {isa = PBXFileReference; lastKnownFileType = image.png; path = uchikawa.png; sourceTree = "<group>"; };
		F380EACE179E650A008AF6E4 /* wadaKazuhiro.png */ = {isa = PBXFileReference; lastKnownFileType = image.png; path = wadaKazuhiro.png; sourceTree = "<group>"; };
		F380EAD0179E659D008AF6E4 /* maedaTomonori.png */ = {isa = PBXFileReference; lastKnownFileType = image.png; path = maedaTomonori.png; sourceTree = "<group>"; };
		F380EAD6179E6D36008AF6E4 /* kurihara.png */ = {isa = PBXFileReference; lastKnownFileType = image.png; path = kurihara.png; sourceTree = "<group>"; };
		F380EAD8179E6D42008AF6E4 /* Tokada.png */ = {isa = PBXFileReference; lastKnownFileType = image.png; path = Tokada.png; sourceTree = "<group>"; };
		F390F1EA179D5DF4001DB7DA /* runner.png */ = {isa = PBXFileReference; lastKnownFileType = image.png; path = runner.png; sourceTree = "<group>"; };
		F39B8F07179D51AE0046B903 /* runnerFirst.png */ = {isa = PBXFileReference; lastKnownFileType = image.png; path = runnerFirst.png; sourceTree = "<group>"; };
		F39B8F08179D51AE0046B903 /* runnerSecond.png */ = {isa = PBXFileReference; lastKnownFileType = image.png; path = runnerSecond.png; sourceTree = "<group>"; };
		F39B8F09179D51AE0046B903 /* runnerThird.png */ = {isa = PBXFileReference; lastKnownFileType = image.png; path = runnerThird.png; sourceTree = "<group>"; };
/* End PBXFileReference section */

/* Begin PBXFrameworksBuildPhase section */
		0C6822D2169D4958000814AD /* Frameworks */ = {
			isa = PBXFrameworksBuildPhase;
			buildActionMask = 2147483647;
			files = (
				0C6822DA169D4958000814AD /* UIKit.framework in Frameworks */,
				0C6822DC169D4958000814AD /* Foundation.framework in Frameworks */,
				0C6822DE169D4958000814AD /* CoreGraphics.framework in Frameworks */,
			);
			runOnlyForDeploymentPostprocessing = 0;
		};
		0C6822F8169D4958000814AD /* Frameworks */ = {
			isa = PBXFrameworksBuildPhase;
			buildActionMask = 2147483647;
			files = (
				0C6822FE169D4958000814AD /* SenTestingKit.framework in Frameworks */,
				0C6822FF169D4958000814AD /* UIKit.framework in Frameworks */,
				0C682300169D4958000814AD /* Foundation.framework in Frameworks */,
			);
			runOnlyForDeploymentPostprocessing = 0;
		};
/* End PBXFrameworksBuildPhase section */

/* Begin PBXGroup section */
		0C6822CA169D4958000814AD = {
			isa = PBXGroup;
			children = (
				0C9FEBD916AF85070071C2AC /* gazou.png */,
				0C6822DF169D4958000814AD /* yakyuu */,
				0C682303169D4958000814AD /* yakyuuTests */,
				0C6822D8169D4958000814AD /* Frameworks */,
				0C6822D6169D4958000814AD /* Products */,
			);
			sourceTree = "<group>";
		};
		0C6822D6169D4958000814AD /* Products */ = {
			isa = PBXGroup;
			children = (
				0C6822D5169D4958000814AD /* yakyuu.app */,
				0C6822FC169D4958000814AD /* yakyuuTests.octest */,
			);
			name = Products;
			sourceTree = "<group>";
		};
		0C6822D8169D4958000814AD /* Frameworks */ = {
			isa = PBXGroup;
			children = (
				0C6822D9169D4958000814AD /* UIKit.framework */,
				0C6822DB169D4958000814AD /* Foundation.framework */,
				0C6822DD169D4958000814AD /* CoreGraphics.framework */,
				0C6822FD169D4958000814AD /* SenTestingKit.framework */,
			);
			name = Frameworks;
			sourceTree = "<group>";
		};
		0C6822DF169D4958000814AD /* yakyuu */ = {
			isa = PBXGroup;
			children = (
				AF3C5D1117AF91A8004A5C84 /* Team.h */,
				AF3C5D1217AF91A8004A5C84 /* Team.m */,
				AF50714317AF8F27000EA53A /* Player.h */,
				AF50714417AF8F27000EA53A /* Player.m */,
				0C6822E8169D4958000814AD /* AppDelegate.h */,
				0C6822E9169D4958000814AD /* AppDelegate.m */,
				0C6822F1169D4958000814AD /* MainStoryboard.storyboard */,
				0C6822F4169D4958000814AD /* ViewController.h */,
				0C6822F5169D4958000814AD /* ViewController.m */,
				0C6822E0169D4958000814AD /* Supporting Files */,
				AF3C5D1417AFA00B004A5C84 /* Stadium.h */,
				AF3C5D1517AFA00B004A5C84 /* Stadium.m */,
			);
			path = yakyuu;
			sourceTree = "<group>";
		};
		0C6822E0169D4958000814AD /* Supporting Files */ = {
			isa = PBXGroup;
			children = (
				F380EAB4179E4CED008AF6E4 /* abe.png */,
				0C15A95816AF64AB00347892 /* aoki.png */,
				0C15A95916AF64AB00347892 /* murton.png */,
				0C15A95B16AF64AB00347892 /* fukuura.png */,
				F380EAB6179E4DC0008AF6E4 /* branco.png */,
				F380EABE179E558B008AF6E4 /* kurihara.png */,
				0C15A95E16AF64AC00347892 /* nakajima.png */,
				0C15A95F16AF64AC00347892 /* chono.png */,
				F380EAC6179E5946008AF6E4 /* inaba.png */,
				F31F9670179E4A5B002C4564 /* balentien.png */,
				0C15A96016AF64AC00347892 /* doubayashi.png */,
				0C15A96116AF64AC00347892 /* feru.png */,
				0C15A96216AF64AD00347892 /* gotou.png */,
				F380EAC8179E5A1D008AF6E4 /* fujita.png */,
				0C15A96316AF64AD00347892 /* hijirisawa.jpg */,
				0C15A96416AF64AD00347892 /* hirose.png */,
				0C15A96516AF64AD00347892 /* ideho.png */,
				0C15A96616AF64AE00347892 /* imae.png */,
				0C15A96816AF64AE00347892 /* itoi.png */,
				0C15A96916AF64AF00347892 /* kakunaka.jpg */,
				0C15A96A16AF64AF00347892 /* kanemoto.png */,
				F380EACE179E650A008AF6E4 /* wadaKazuhiro.png */,
				0C15A96B16AF64AF00347892 /* kimu.png */,
				0C15A96C16AF64B000347892 /* kinjo.png */,
				0C15A96D16AF64B000347892 /* kitagawa.png */,
				0C15A96E16AF64B100347892 /* kokubo.jpg */,
				0C15A96F16AF64B200347892 /* kousien.png */,
				0C15A97116AF64B300347892 /* kuriyama.png */,
				0C15A97216AF64B400347892 /* kyousera.png */,
				F380EACC179E5CD5008AF6E4 /* uchikawa.png */,
				0C15A97416AF64B500347892 /* marine.png */,
				F380EAD0179E659D008AF6E4 /* maedaTomonori.png */,
				F380EAD6179E6D36008AF6E4 /* kurihara.png */,
				0C15A97516AF64B900347892 /* matsuiKazuo.png */,
				0C15A97616AF64BB00347892 /* matsunaka.png */,
				F380EAD8179E6D42008AF6E4 /* Tokada.png */,
				0C15A97716AF64BC00347892 /* matuda.png */,
				0C15A97816AF64BC00347892 /* mirezzi.png */,
				F380EAB8179E4EA7008AF6E4 /* nakamuraTakeya.png */,
				0C15A97916AF64BD00347892 /* miyamoto.png */,
				0C15A97A16AF64BE00347892 /* morino.png */,
				0C15A97B16AF64BF00347892 /* nagoya.png */,
				0C15A97C16AF64C000347892 /* nakata.png */,
				0C15A97D16AF64C100347892 /* ogasawara.png */,
				0C15A97E16AF64C200347892 /* ooshima.png */,
				0C15A97F16AF64C300347892 /* otiz.png */,
				0C15A98016AF64C400347892 /* pena.png */,
				0C15A98116AF64C500347892 /* pena2.png */,
				0C15A9ED16AF6A1B00347892 /* penny.png */,
				F380EACA179E5AB8008AF6E4 /* brazell.png */,
				0C15A98516AF64C800347892 /* rakuten.png */,
				0C15A98716AF64CA00347892 /* saburo.png */,
				0C15A98816AF64CB00347892 /* sakaguchi.png */,
				0C15A98916AF64CC00347892 /* sakamoto.png */,
				0C15A98A16AF64CD00347892 /* sapporo.png */,
				0C15A98B16AF64CF00347892 /* scorebord2.jpg */,
				F380EAC4179E58DE008AF6E4 /* matsuda.png */,
				0C15A98C16AF64D000347892 /* seibu.png */,
				0C15A98E16AF64D200347892 /* tanakaken.png */,
				0C15A98F16AF64D300347892 /* teppei.png */,
				F380EAC2179E562A008AF6E4 /* tamura.png */,
				F31F966E179E490B002C4564 /* tsutsugo.png */,
				F380EABC179E52B3008AF6E4 /* Tokada.png */,
				0C15A99116AF64D600347892 /* tokyo.png */,
				0C15A99216AF64D700347892 /* toritani.png */,
				0C15A99516AF64DB00347892 /* yahoo.jpg */,
				0C15A99616AF64DC00347892 /* yahoo.png */,
				0C15A9EF16AF6E9800347892 /* yamazaki.png */,
				0C15A99816AF64DF00347892 /* yokohama.png */,
				0C15A99916AF64E000347892 /* zinguu.png */,
				0C15A98616AF64C900347892 /* ramirez.png */,
				0C15A9A116AF64EB00347892 /* noRunner.png */,
				F390F1EA179D5DF4001DB7DA /* runner.png */,
				F39B8F07179D51AE0046B903 /* runnerFirst.png */,
				F39B8F08179D51AE0046B903 /* runnerSecond.png */,
				F39B8F09179D51AE0046B903 /* runnerThird.png */,
				0C6822E2169D4958000814AD /* InfoPlist.strings */,
				0C6822E5169D4958000814AD /* main.m */,
				0C6822E7169D4958000814AD /* yakyuu-Prefix.pch */,
				0C6822EB169D4958000814AD /* Default.png */,
				0C6822ED169D4958000814AD /* Default@2x.png */,
				0C6822EF169D4958000814AD /* Default-568h@2x.png */,
			);
			name = "Supporting Files";
			sourceTree = "<group>";
		};
		0C682303169D4958000814AD /* yakyuuTests */ = {
			isa = PBXGroup;
			children = (
				0C682309169D4959000814AD /* yakyuuTests.h */,
				0C68230A169D4959000814AD /* yakyuuTests.m */,
				0C682304169D4959000814AD /* Supporting Files */,
			);
			path = yakyuuTests;
			sourceTree = "<group>";
		};
		0C682304169D4959000814AD /* Supporting Files */ = {
			isa = PBXGroup;
			children = (
				0C682305169D4959000814AD /* yakyuuTests-Info.plist */,
				0C682306169D4959000814AD /* InfoPlist.strings */,
			);
			name = "Supporting Files";
			sourceTree = "<group>";
		};
/* End PBXGroup section */

/* Begin PBXNativeTarget section */
		0C6822D4169D4958000814AD /* yakyuu */ = {
			isa = PBXNativeTarget;
			buildConfigurationList = 0C68230E169D4959000814AD /* Build configuration list for PBXNativeTarget "yakyuu" */;
			buildPhases = (
				0C6822D1169D4958000814AD /* Sources */,
				0C6822D2169D4958000814AD /* Frameworks */,
				0C6822D3169D4958000814AD /* Resources */,
			);
			buildRules = (
			);
			dependencies = (
			);
			name = yakyuu;
			productName = yakyuu;
			productReference = 0C6822D5169D4958000814AD /* yakyuu.app */;
			productType = "com.apple.product-type.application";
		};
		0C6822FB169D4958000814AD /* yakyuuTests */ = {
			isa = PBXNativeTarget;
			buildConfigurationList = 0C682311169D4959000814AD /* Build configuration list for PBXNativeTarget "yakyuuTests" */;
			buildPhases = (
				0C6822F7169D4958000814AD /* Sources */,
				0C6822F8169D4958000814AD /* Frameworks */,
				0C6822F9169D4958000814AD /* Resources */,
				0C6822FA169D4958000814AD /* ShellScript */,
			);
			buildRules = (
			);
			dependencies = (
				0C682302169D4958000814AD /* PBXTargetDependency */,
			);
			name = yakyuuTests;
			productName = yakyuuTests;
			productReference = 0C6822FC169D4958000814AD /* yakyuuTests.octest */;
			productType = "com.apple.product-type.bundle";
		};
/* End PBXNativeTarget section */

/* Begin PBXProject section */
		0C6822CC169D4958000814AD /* Project object */ = {
			isa = PBXProject;
			attributes = {
				LastUpgradeCheck = 0450;
				ORGANIZATIONNAME = admin;
			};
			buildConfigurationList = 0C6822CF169D4958000814AD /* Build configuration list for PBXProject "yakyuu" */;
			compatibilityVersion = "Xcode 3.2";
			developmentRegion = English;
			hasScannedForEncodings = 0;
			knownRegions = (
				en,
			);
			mainGroup = 0C6822CA169D4958000814AD;
			productRefGroup = 0C6822D6169D4958000814AD /* Products */;
			projectDirPath = "";
			projectRoot = "";
			targets = (
				0C6822D4169D4958000814AD /* yakyuu */,
				0C6822FB169D4958000814AD /* yakyuuTests */,
			);
		};
/* End PBXProject section */

/* Begin PBXResourcesBuildPhase section */
		0C6822D3169D4958000814AD /* Resources */ = {
			isa = PBXResourcesBuildPhase;
			buildActionMask = 2147483647;
			files = (
				0C6822E4169D4958000814AD /* InfoPlist.strings in Resources */,
				0C6822EC169D4958000814AD /* Default.png in Resources */,
				0C6822EE169D4958000814AD /* Default@2x.png in Resources */,
				0C6822F0169D4958000814AD /* Default-568h@2x.png in Resources */,
				0C6822F3169D4958000814AD /* MainStoryboard.storyboard in Resources */,
				0C15A9A316AF64ED00347892 /* aoki.png in Resources */,
				0C15A9A416AF64ED00347892 /* murton.png in Resources */,
				0C15A9A616AF64ED00347892 /* fukuura.png in Resources */,
				0C15A9A916AF64ED00347892 /* nakajima.png in Resources */,
				0C15A9AA16AF64ED00347892 /* chono.png in Resources */,
				0C15A9AB16AF64ED00347892 /* doubayashi.png in Resources */,
				0C15A9AC16AF64ED00347892 /* feru.png in Resources */,
				0C15A9AD16AF64ED00347892 /* gotou.png in Resources */,
				0C15A9AE16AF64ED00347892 /* hijirisawa.jpg in Resources */,
				0C15A9AF16AF64ED00347892 /* hirose.png in Resources */,
				0C15A9B016AF64ED00347892 /* ideho.png in Resources */,
				0C15A9B116AF64ED00347892 /* imae.png in Resources */,
				0C15A9B316AF64ED00347892 /* itoi.png in Resources */,
				0C15A9B416AF64ED00347892 /* kakunaka.jpg in Resources */,
				0C15A9B516AF64ED00347892 /* kanemoto.png in Resources */,
				0C15A9B616AF64ED00347892 /* kimu.png in Resources */,
				0C15A9B716AF64ED00347892 /* kinjo.png in Resources */,
				0C15A9B816AF64ED00347892 /* kitagawa.png in Resources */,
				0C15A9B916AF64ED00347892 /* kokubo.jpg in Resources */,
				0C15A9BA16AF64ED00347892 /* kousien.png in Resources */,
				0C15A9BC16AF64ED00347892 /* kuriyama.png in Resources */,
				0C15A9BD16AF64ED00347892 /* kyousera.png in Resources */,
				0C15A9BF16AF64ED00347892 /* marine.png in Resources */,
				0C15A9C016AF64ED00347892 /* matsuiKazuo.png in Resources */,
				0C15A9C116AF64ED00347892 /* matsunaka.png in Resources */,
				0C15A9C216AF64ED00347892 /* matuda.png in Resources */,
				0C15A9C316AF64ED00347892 /* mirezzi.png in Resources */,
				0C15A9C416AF64ED00347892 /* miyamoto.png in Resources */,
				0C15A9C516AF64ED00347892 /* morino.png in Resources */,
				0C15A9C616AF64ED00347892 /* nagoya.png in Resources */,
				0C15A9C716AF64ED00347892 /* nakata.png in Resources */,
				0C15A9C816AF64ED00347892 /* ogasawara.png in Resources */,
				0C15A9C916AF64ED00347892 /* ooshima.png in Resources */,
				0C15A9CA16AF64ED00347892 /* otiz.png in Resources */,
				0C15A9CB16AF64ED00347892 /* pena.png in Resources */,
				0C15A9CC16AF64ED00347892 /* pena2.png in Resources */,
				0C15A9D016AF64ED00347892 /* rakuten.png in Resources */,
				0C15A9D116AF64ED00347892 /* ramirez.png in Resources */,
				0C15A9D216AF64ED00347892 /* saburo.png in Resources */,
				0C15A9D316AF64ED00347892 /* sakaguchi.png in Resources */,
				0C15A9D416AF64ED00347892 /* sakamoto.png in Resources */,
				0C15A9D516AF64ED00347892 /* sapporo.png in Resources */,
				0C15A9D616AF64ED00347892 /* scorebord2.jpg in Resources */,
				0C15A9D716AF64ED00347892 /* seibu.png in Resources */,
				0C15A9D916AF64ED00347892 /* tanakaken.png in Resources */,
				0C15A9DA16AF64ED00347892 /* teppei.png in Resources */,
				0C15A9DC16AF64ED00347892 /* tokyo.png in Resources */,
				0C15A9DD16AF64ED00347892 /* toritani.png in Resources */,
				0C15A9E016AF64ED00347892 /* yahoo.jpg in Resources */,
				0C15A9E116AF64ED00347892 /* yahoo.png in Resources */,
				0C15A9E316AF64ED00347892 /* yokohama.png in Resources */,
				0C15A9E416AF64ED00347892 /* zinguu.png in Resources */,
				0C15A9EC16AF64ED00347892 /* noRunner.png in Resources */,
				0C15A9EE16AF6A1B00347892 /* penny.png in Resources */,
				0C15A9F016AF6E9800347892 /* yamazaki.png in Resources */,
				0C9FEBDA16AF85070071C2AC /* gazou.png in Resources */,
				F39B8F0A179D51AE0046B903 /* runnerFirst.png in Resources */,
				F39B8F0B179D51AE0046B903 /* runnerSecond.png in Resources */,
				F39B8F0C179D51AE0046B903 /* runnerThird.png in Resources */,
				F390F1EB179D5DF4001DB7DA /* runner.png in Resources */,
				F31F966F179E490B002C4564 /* tsutsugo.png in Resources */,
				F31F9671179E4A5B002C4564 /* balentien.png in Resources */,
				F380EAB5179E4CED008AF6E4 /* abe.png in Resources */,
				F380EAB7179E4DC0008AF6E4 /* branco.png in Resources */,
				F380EAB9179E4EA7008AF6E4 /* nakamuraTakeya.png in Resources */,
				F380EABD179E52B3008AF6E4 /* Tokada.png in Resources */,
				F380EABF179E558B008AF6E4 /* kurihara.png in Resources */,
				F380EAC3179E562A008AF6E4 /* tamura.png in Resources */,
				F380EAC5179E58DE008AF6E4 /* matsuda.png in Resources */,
				F380EAC7179E5946008AF6E4 /* inaba.png in Resources */,
				F380EAC9179E5A1D008AF6E4 /* fujita.png in Resources */,
				F380EACB179E5AB8008AF6E4 /* brazell.png in Resources */,
				F380EACD179E5CD5008AF6E4 /* uchikawa.png in Resources */,
				F380EACF179E650A008AF6E4 /* wadaKazuhiro.png in Resources */,
				F380EAD1179E659D008AF6E4 /* maedaTomonori.png in Resources */,
			);
			runOnlyForDeploymentPostprocessing = 0;
		};
		0C6822F9169D4958000814AD /* Resources */ = {
			isa = PBXResourcesBuildPhase;
			buildActionMask = 2147483647;
			files = (
				0C682308169D4959000814AD /* InfoPlist.strings in Resources */,
				0C56F13016A00D0200C3E4A1 /* ランナー一塁三塁.jpg in Resources */,
			);
			runOnlyForDeploymentPostprocessing = 0;
		};
/* End PBXResourcesBuildPhase section */

/* Begin PBXShellScriptBuildPhase section */
		0C6822FA169D4958000814AD /* ShellScript */ = {
			isa = PBXShellScriptBuildPhase;
			buildActionMask = 2147483647;
			files = (
			);
			inputPaths = (
			);
			outputPaths = (
			);
			runOnlyForDeploymentPostprocessing = 0;
			shellPath = /bin/sh;
			shellScript = "# Run the unit tests in this test bundle.\n\"${SYSTEM_DEVELOPER_DIR}/Tools/RunUnitTests\"\n";
		};
/* End PBXShellScriptBuildPhase section */

/* Begin PBXSourcesBuildPhase section */
		0C6822D1169D4958000814AD /* Sources */ = {
			isa = PBXSourcesBuildPhase;
			buildActionMask = 2147483647;
			files = (
				0C6822E6169D4958000814AD /* main.m in Sources */,
				0C6822EA169D4958000814AD /* AppDelegate.m in Sources */,
				0C6822F6169D4958000814AD /* ViewController.m in Sources */,
				AF50714517AF8F27000EA53A /* Player.m in Sources */,
				AF3C5D1317AF91A8004A5C84 /* Team.m in Sources */,
				AF3C5D1617AFA00B004A5C84 /* Stadium.m in Sources */,
			);
			runOnlyForDeploymentPostprocessing = 0;
		};
		0C6822F7169D4958000814AD /* Sources */ = {
			isa = PBXSourcesBuildPhase;
			buildActionMask = 2147483647;
			files = (
				0C68230B169D4959000814AD /* yakyuuTests.m in Sources */,
			);
			runOnlyForDeploymentPostprocessing = 0;
		};
/* End PBXSourcesBuildPhase section */

/* Begin PBXTargetDependency section */
		0C682302169D4958000814AD /* PBXTargetDependency */ = {
			isa = PBXTargetDependency;
			target = 0C6822D4169D4958000814AD /* yakyuu */;
			targetProxy = 0C682301169D4958000814AD /* PBXContainerItemProxy */;
		};
/* End PBXTargetDependency section */

/* Begin PBXVariantGroup section */
		0C6822E2169D4958000814AD /* InfoPlist.strings */ = {
			isa = PBXVariantGroup;
			children = (
				0C6822E3169D4958000814AD /* en */,
			);
			name = InfoPlist.strings;
			sourceTree = "<group>";
		};
		0C6822F1169D4958000814AD /* MainStoryboard.storyboard */ = {
			isa = PBXVariantGroup;
			children = (
				0C6822F2169D4958000814AD /* en */,
			);
			name = MainStoryboard.storyboard;
			sourceTree = "<group>";
		};
		0C682306169D4959000814AD /* InfoPlist.strings */ = {
			isa = PBXVariantGroup;
			children = (
				0C682307169D4959000814AD /* en */,
			);
			name = InfoPlist.strings;
			sourceTree = "<group>";
		};
/* End PBXVariantGroup section */

/* Begin XCBuildConfiguration section */
		0C68230C169D4959000814AD /* Debug */ = {
			isa = XCBuildConfiguration;
			buildSettings = {
				ALWAYS_SEARCH_USER_PATHS = NO;
				CLANG_CXX_LANGUAGE_STANDARD = "gnu++0x";
				CLANG_CXX_LIBRARY = "libc++";
				CLANG_ENABLE_OBJC_ARC = YES;
				CLANG_WARN_EMPTY_BODY = YES;
				CLANG_WARN__DUPLICATE_METHOD_MATCH = YES;
				"CODE_SIGN_IDENTITY[sdk=iphoneos*]" = "iPhone Developer";
				COPY_PHASE_STRIP = NO;
				GCC_C_LANGUAGE_STANDARD = gnu99;
				GCC_DYNAMIC_NO_PIC = NO;
				GCC_OPTIMIZATION_LEVEL = 0;
				GCC_PREPROCESSOR_DEFINITIONS = (
					"DEBUG=1",
					"$(inherited)",
				);
				GCC_SYMBOLS_PRIVATE_EXTERN = NO;
				GCC_WARN_ABOUT_RETURN_TYPE = YES;
				GCC_WARN_UNINITIALIZED_AUTOS = YES;
				GCC_WARN_UNUSED_VARIABLE = YES;
				IPHONEOS_DEPLOYMENT_TARGET = 6.0;
				SDKROOT = iphoneos;
			};
			name = Debug;
		};
		0C68230D169D4959000814AD /* Release */ = {
			isa = XCBuildConfiguration;
			buildSettings = {
				ALWAYS_SEARCH_USER_PATHS = NO;
				CLANG_CXX_LANGUAGE_STANDARD = "gnu++0x";
				CLANG_CXX_LIBRARY = "libc++";
				CLANG_ENABLE_OBJC_ARC = YES;
				CLANG_WARN_EMPTY_BODY = YES;
				CLANG_WARN__DUPLICATE_METHOD_MATCH = YES;
				"CODE_SIGN_IDENTITY[sdk=iphoneos*]" = "iPhone Developer";
				COPY_PHASE_STRIP = YES;
				GCC_C_LANGUAGE_STANDARD = gnu99;
				GCC_WARN_ABOUT_RETURN_TYPE = YES;
				GCC_WARN_UNINITIALIZED_AUTOS = YES;
				GCC_WARN_UNUSED_VARIABLE = YES;
				IPHONEOS_DEPLOYMENT_TARGET = 6.0;
				OTHER_CFLAGS = "-DNS_BLOCK_ASSERTIONS=1";
				SDKROOT = iphoneos;
				VALIDATE_PRODUCT = YES;
			};
			name = Release;
		};
		0C68230F169D4959000814AD /* Debug */ = {
			isa = XCBuildConfiguration;
			buildSettings = {
				GCC_PRECOMPILE_PREFIX_HEADER = YES;
				GCC_PREFIX_HEADER = "yakyuu/yakyuu-Prefix.pch";
				INFOPLIST_FILE = "yakyuu/yakyuu-Info.plist";
				PRODUCT_NAME = "$(TARGET_NAME)";
				WRAPPER_EXTENSION = app;
			};
			name = Debug;
		};
		0C682310169D4959000814AD /* Release */ = {
			isa = XCBuildConfiguration;
			buildSettings = {
				GCC_PRECOMPILE_PREFIX_HEADER = YES;
				GCC_PREFIX_HEADER = "yakyuu/yakyuu-Prefix.pch";
				INFOPLIST_FILE = "yakyuu/yakyuu-Info.plist";
				PRODUCT_NAME = "$(TARGET_NAME)";
				WRAPPER_EXTENSION = app;
			};
			name = Release;
		};
		0C682312169D4959000814AD /* Debug */ = {
			isa = XCBuildConfiguration;
			buildSettings = {
				BUNDLE_LOADER = "$(BUILT_PRODUCTS_DIR)/yakyuu.app/yakyuu";
				FRAMEWORK_SEARCH_PATHS = (
					"\"$(SDKROOT)/Developer/Library/Frameworks\"",
					"\"$(DEVELOPER_LIBRARY_DIR)/Frameworks\"",
				);
				GCC_PRECOMPILE_PREFIX_HEADER = YES;
				GCC_PREFIX_HEADER = "yakyuu/yakyuu-Prefix.pch";
				INFOPLIST_FILE = "yakyuuTests/yakyuuTests-Info.plist";
				PRODUCT_NAME = "$(TARGET_NAME)";
				TEST_HOST = "$(BUNDLE_LOADER)";
				WRAPPER_EXTENSION = octest;
			};
			name = Debug;
		};
		0C682313169D4959000814AD /* Release */ = {
			isa = XCBuildConfiguration;
			buildSettings = {
				BUNDLE_LOADER = "$(BUILT_PRODUCTS_DIR)/yakyuu.app/yakyuu";
				FRAMEWORK_SEARCH_PATHS = (
					"\"$(SDKROOT)/Developer/Library/Frameworks\"",
					"\"$(DEVELOPER_LIBRARY_DIR)/Frameworks\"",
				);
				GCC_PRECOMPILE_PREFIX_HEADER = YES;
				GCC_PREFIX_HEADER = "yakyuu/yakyuu-Prefix.pch";
				INFOPLIST_FILE = "yakyuuTests/yakyuuTests-Info.plist";
				PRODUCT_NAME = "$(TARGET_NAME)";
				TEST_HOST = "$(BUNDLE_LOADER)";
				WRAPPER_EXTENSION = octest;
			};
			name = Release;
		};
/* End XCBuildConfiguration section */

/* Begin XCConfigurationList section */
		0C6822CF169D4958000814AD /* Build configuration list for PBXProject "yakyuu" */ = {
			isa = XCConfigurationList;
			buildConfigurations = (
				0C68230C169D4959000814AD /* Debug */,
				0C68230D169D4959000814AD /* Release */,
			);
			defaultConfigurationIsVisible = 0;
			defaultConfigurationName = Release;
		};
		0C68230E169D4959000814AD /* Build configuration list for PBXNativeTarget "yakyuu" */ = {
			isa = XCConfigurationList;
			buildConfigurations = (
				0C68230F169D4959000814AD /* Debug */,
				0C682310169D4959000814AD /* Release */,
			);
			defaultConfigurationIsVisible = 0;
			defaultConfigurationName = Release;
		};
		0C682311169D4959000814AD /* Build configuration list for PBXNativeTarget "yakyuuTests" */ = {
			isa = XCConfigurationList;
			buildConfigurations = (
				0C682312169D4959000814AD /* Debug */,
				0C682313169D4959000814AD /* Release */,
			);
			defaultConfigurationIsVisible = 0;
			defaultConfigurationName = Release;
		};
/* End XCConfigurationList section */
	};
	rootObject = 0C6822CC169D4958000814AD /* Project object */;
}
